
Microsoft Visual Studio Solution File, Format Version 12.00
# Visual Studio Express 2013 for Windows Desktop
VisualStudioVersion = 12.0.21005.1
MinimumVisualStudioVersion = 10.0.40219.1
Project("{FAE04EC0-301F-11D3-BF4B-00C04F79EFBC}") = "01.NumbersFromOneToN", "01.NumbersFromOneToN\01.NumbersFromOneToN.csproj", "{451B3B48-3E73-4DB3-8472-95491AEB1732}"
EndProject
Project("{FAE04EC0-301F-11D3-BF4B-00C04F79EFBC}") = "02.NumbersNotDivisibleBy3And7", "02.NumbersNotDivisibleBy3And7\02.NumbersNotDivisibleBy3And7.csproj", "{910C7DDB-1962-4BEB-B83F-36577512B0B7}"
EndProject
Project("{FAE04EC0-301F-11D3-BF4B-00C04F79EFBC}") = "03.MinMaxSumAndAverageOfNNumbers", "03.MinMaxSumAndAverageOfNNumbers\03.MinMaxSumAndAverageOfNNumbers.csproj", "{A24D3A43-3B0A-4D88-9C9A-7DED0B0F3FE2}"
EndProject
Project("{FAE04EC0-301F-11D3-BF4B-00C04F79EFBC}") = "04.PrintADeckOf52Cards", "04.PrintADeckOf52Cards\04.PrintADeckOf52Cards.csproj", "{9759BD3D-3267-4C02-8362-F698D94B2AAD}"
EndProject
Project("{FAE04EC0-301F-11D3-BF4B-00C04F79EFBC}") = "05.CalculateSumS", "05.Calculate\05.CalculateSumS.csproj", "{53C767E6-E739-4397-A41D-A5B1292678BF}"
EndProject
Project("{FAE04EC0-301F-11D3-BF4B-00C04F79EFBC}") = "06.CalculateN!DelK!", "06.CalculateN!DelK!\06.CalculateN!DelK!.csproj", "{B6D5B32B-3D86-4CE8-B97B-891B751BF26C}"
EndProject
Project("{FAE04EC0-301F-11D3-BF4B-00C04F79EFBC}") = "07.CalculateCombinations", "07.CalculateCombinations\07.CalculateCombinations.csproj", "{BB600FE7-2C7E-42D3-9BC7-AF49DE2BD923}"
EndProject
Project("{FAE04EC0-301F-11D3-BF4B-00C04F79EFBC}") = "08.CatalanNumbers", "08.CatalanNumbers\08.CatalanNumbers.csproj", "{D470EFF5-39D0-4085-83C8-20E6FF30C36B}"
EndProject
Project("{FAE04EC0-301F-11D3-BF4B-00C04F79EFBC}") = "09.MatrixOfNumbers", "09.MatrixOfNumbers\09.MatrixOfNumbers.csproj", "{AC40D9B0-3E8E-4CAB-88D7-8C4A015DE15E}"
EndProject
Project("{FAE04EC0-301F-11D3-BF4B-00C04F79EFBC}") = "10.OddAndEvenProduct", "10.OddAndEvenProduct\10.OddAndEvenProduct.csproj", "{6EA61F2C-475E-4893-85E8-8FCC8DD8EC8F}"
EndProject
Project("{FAE04EC0-301F-11D3-BF4B-00C04F79EFBC}") = "11.RandomNumbersInGivenRange", "11.RandomNumbersInGivenRange\11.RandomNumbersInGivenRange.csproj", "{972BF120-14F3-4692-80CF-A92D414463C6}"
EndProject
Project("{FAE04EC0-301F-11D3-BF4B-00C04F79EFBC}") = "12.RandomizeTheNumbers1N", "12.RandomizeTheNumbers1N\12.RandomizeTheNumbers1N.csproj", "{678308E6-10E5-40F4-B4E8-21D079BBBA9E}"
EndProject
Project("{FAE04EC0-301F-11D3-BF4B-00C04F79EFBC}") = "13.BinaryToDecimalNumber", "13.BinaryToDecimalNumber\13.BinaryToDecimalNumber.csproj", "{8AF8013C-16DD-4ECF-B464-1B7ACEE1A545}"
EndProject
Project("{FAE04EC0-301F-11D3-BF4B-00C04F79EFBC}") = "14.DecimalToBinaryNumber", "14.DecimalToBinaryNumber\14.DecimalToBinaryNumber.csproj", "{8E8EB151-116F-4242-A50F-0834196C71B9}"
EndProject
Project("{FAE04EC0-301F-11D3-BF4B-00C04F79EFBC}") = "15.HexadecimalToDecimalNumber", "15.HexadecimalToDecimalNumber\15.HexadecimalToDecimalNumber.csproj", "{9DFF13F9-A86E-4A50-AB8D-4906BFF24085}"
EndProject
Project("{FAE04EC0-301F-11D3-BF4B-00C04F79EFBC}") = "16.DecimalToHexadecimalNumber", "16.DecimalToHexadecimalNumber\16.DecimalToHexadecimalNumber.csproj", "{07F7C428-FC14-4747-813E-5DB14C79181A}"
EndProject
Project("{FAE04EC0-301F-11D3-BF4B-00C04F79EFBC}") = "17.CalculateGCD", "17.CalculateGCD\17.CalculateGCD.csproj", "{66D2E3E2-B533-4B8A-8E3D-D3BF54683F4E}"
EndProject
Project("{FAE04EC0-301F-11D3-BF4B-00C04F79EFBC}") = "18.TrailingZeroesInN", "18.TrailingZeroesInN\18.TrailingZeroesInN.csproj", "{0B0A4B3B-469F-4C38-AF1E-16CDD0E8EEC4}"
EndProject
Project("{FAE04EC0-301F-11D3-BF4B-00C04F79EFBC}") = "19.SpiralMatrix", "19.SpiralMatrix\19.SpiralMatrix.csproj", "{46225AAC-74BF-437F-BAA7-A681213909C4}"
EndProject
Global
	GlobalSection(SolutionConfigurationPlatforms) = preSolution
		Debug|Any CPU = Debug|Any CPU
		Release|Any CPU = Release|Any CPU
	EndGlobalSection
	GlobalSection(ProjectConfigurationPlatforms) = postSolution
		{451B3B48-3E73-4DB3-8472-95491AEB1732}.Debug|Any CPU.ActiveCfg = Debug|Any CPU
		{451B3B48-3E73-4DB3-8472-95491AEB1732}.Debug|Any CPU.Build.0 = Debug|Any CPU
		{451B3B48-3E73-4DB3-8472-95491AEB1732}.Release|Any CPU.ActiveCfg = Release|Any CPU
		{451B3B48-3E73-4DB3-8472-95491AEB1732}.Release|Any CPU.Build.0 = Release|Any CPU
		{910C7DDB-1962-4BEB-B83F-36577512B0B7}.Debug|Any CPU.ActiveCfg = Debug|Any CPU
		{910C7DDB-1962-4BEB-B83F-36577512B0B7}.Debug|Any CPU.Build.0 = Debug|Any CPU
		{910C7DDB-1962-4BEB-B83F-36577512B0B7}.Release|Any CPU.ActiveCfg = Release|Any CPU
		{910C7DDB-1962-4BEB-B83F-36577512B0B7}.Release|Any CPU.Build.0 = Release|Any CPU
		{A24D3A43-3B0A-4D88-9C9A-7DED0B0F3FE2}.Debug|Any CPU.ActiveCfg = Debug|Any CPU
		{A24D3A43-3B0A-4D88-9C9A-7DED0B0F3FE2}.Debug|Any CPU.Build.0 = Debug|Any CPU
		{A24D3A43-3B0A-4D88-9C9A-7DED0B0F3FE2}.Release|Any CPU.ActiveCfg = Release|Any CPU
		{A24D3A43-3B0A-4D88-9C9A-7DED0B0F3FE2}.Release|Any CPU.Build.0 = Release|Any CPU
		{9759BD3D-3267-4C02-8362-F698D94B2AAD}.Debug|Any CPU.ActiveCfg = Debug|Any CPU
		{9759BD3D-3267-4C02-8362-F698D94B2AAD}.Debug|Any CPU.Build.0 = Debug|Any CPU
		{9759BD3D-3267-4C02-8362-F698D94B2AAD}.Release|Any CPU.ActiveCfg = Release|Any CPU
		{9759BD3D-3267-4C02-8362-F698D94B2AAD}.Release|Any CPU.Build.0 = Release|Any CPU
		{53C767E6-E739-4397-A41D-A5B1292678BF}.Debug|Any CPU.ActiveCfg = Debug|Any CPU
		{53C767E6-E739-4397-A41D-A5B1292678BF}.Debug|Any CPU.Build.0 = Debug|Any CPU
		{53C767E6-E739-4397-A41D-A5B1292678BF}.Release|Any CPU.ActiveCfg = Release|Any CPU
		{53C767E6-E739-4397-A41D-A5B1292678BF}.Release|Any CPU.Build.0 = Release|Any CPU
		{B6D5B32B-3D86-4CE8-B97B-891B751BF26C}.Debug|Any CPU.ActiveCfg = Debug|Any CPU
		{B6D5B32B-3D86-4CE8-B97B-891B751BF26C}.Debug|Any CPU.Build.0 = Debug|Any CPU
		{B6D5B32B-3D86-4CE8-B97B-891B751BF26C}.Release|Any CPU.ActiveCfg = Release|Any CPU
		{B6D5B32B-3D86-4CE8-B97B-891B751BF26C}.Release|Any CPU.Build.0 = Release|Any CPU
		{BB600FE7-2C7E-42D3-9BC7-AF49DE2BD923}.Debug|Any CPU.ActiveCfg = Debug|Any CPU
		{BB600FE7-2C7E-42D3-9BC7-AF49DE2BD923}.Debug|Any CPU.Build.0 = Debug|Any CPU
		{BB600FE7-2C7E-42D3-9BC7-AF49DE2BD923}.Release|Any CPU.ActiveCfg = Release|Any CPU
		{BB600FE7-2C7E-42D3-9BC7-AF49DE2BD923}.Release|Any CPU.Build.0 = Release|Any CPU
		{D470EFF5-39D0-4085-83C8-20E6FF30C36B}.Debug|Any CPU.ActiveCfg = Debug|Any CPU
		{D470EFF5-39D0-4085-83C8-20E6FF30C36B}.Debug|Any CPU.Build.0 = Debug|Any CPU
		{D470EFF5-39D0-4085-83C8-20E6FF30C36B}.Release|Any CPU.ActiveCfg = Release|Any CPU
		{D470EFF5-39D0-4085-83C8-20E6FF30C36B}.Release|Any CPU.Build.0 = Release|Any CPU
		{AC40D9B0-3E8E-4CAB-88D7-8C4A015DE15E}.Debug|Any CPU.ActiveCfg = Debug|Any CPU
		{AC40D9B0-3E8E-4CAB-88D7-8C4A015DE15E}.Debug|Any CPU.Build.0 = Debug|Any CPU
		{AC40D9B0-3E8E-4CAB-88D7-8C4A015DE15E}.Release|Any CPU.ActiveCfg = Release|Any CPU
		{AC40D9B0-3E8E-4CAB-88D7-8C4A015DE15E}.Release|Any CPU.Build.0 = Release|Any CPU
		{6EA61F2C-475E-4893-85E8-8FCC8DD8EC8F}.Debug|Any CPU.ActiveCfg = Debug|Any CPU
		{6EA61F2C-475E-4893-85E8-8FCC8DD8EC8F}.Debug|Any CPU.Build.0 = Debug|Any CPU
		{6EA61F2C-475E-4893-85E8-8FCC8DD8EC8F}.Release|Any CPU.ActiveCfg = Release|Any CPU
		{6EA61F2C-475E-4893-85E8-8FCC8DD8EC8F}.Release|Any CPU.Build.0 = Release|Any CPU
		{972BF120-14F3-4692-80CF-A92D414463C6}.Debug|Any CPU.ActiveCfg = Debug|Any CPU
		{972BF120-14F3-4692-80CF-A92D414463C6}.Debug|Any CPU.Build.0 = Debug|Any CPU
		{972BF120-14F3-4692-80CF-A92D414463C6}.Release|Any CPU.ActiveCfg = Release|Any CPU
		{972BF120-14F3-4692-80CF-A92D414463C6}.Release|Any CPU.Build.0 = Release|Any CPU
		{678308E6-10E5-40F4-B4E8-21D079BBBA9E}.Debug|Any CPU.ActiveCfg = Debug|Any CPU
		{678308E6-10E5-40F4-B4E8-21D079BBBA9E}.Debug|Any CPU.Build.0 = Debug|Any CPU
		{678308E6-10E5-40F4-B4E8-21D079BBBA9E}.Release|Any CPU.ActiveCfg = Release|Any CPU
		{678308E6-10E5-40F4-B4E8-21D079BBBA9E}.Release|Any CPU.Build.0 = Release|Any CPU
		{8AF8013C-16DD-4ECF-B464-1B7ACEE1A545}.Debug|Any CPU.ActiveCfg = Debug|Any CPU
		{8AF8013C-16DD-4ECF-B464-1B7ACEE1A545}.Debug|Any CPU.Build.0 = Debug|Any CPU
		{8AF8013C-16DD-4ECF-B464-1B7ACEE1A545}.Release|Any CPU.ActiveCfg = Release|Any CPU
		{8AF8013C-16DD-4ECF-B464-1B7ACEE1A545}.Release|Any CPU.Build.0 = Release|Any CPU
		{8E8EB151-116F-4242-A50F-0834196C71B9}.Debug|Any CPU.ActiveCfg = Debug|Any CPU
		{8E8EB151-116F-4242-A50F-0834196C71B9}.Debug|Any CPU.Build.0 = Debug|Any CPU
		{8E8EB151-116F-4242-A50F-0834196C71B9}.Release|Any CPU.ActiveCfg = Release|Any CPU
		{8E8EB151-116F-4242-A50F-0834196C71B9}.Release|Any CPU.Build.0 = Release|Any CPU
		{9DFF13F9-A86E-4A50-AB8D-4906BFF24085}.Debug|Any CPU.ActiveCfg = Debug|Any CPU
		{9DFF13F9-A86E-4A50-AB8D-4906BFF24085}.Debug|Any CPU.Build.0 = Debug|Any CPU
		{9DFF13F9-A86E-4A50-AB8D-4906BFF24085}.Release|Any CPU.ActiveCfg = Release|Any CPU
		{9DFF13F9-A86E-4A50-AB8D-4906BFF24085}.Release|Any CPU.Build.0 = Release|Any CPU
		{07F7C428-FC14-4747-813E-5DB14C79181A}.Debug|Any CPU.ActiveCfg = Debug|Any CPU
		{07F7C428-FC14-4747-813E-5DB14C79181A}.Debug|Any CPU.Build.0 = Debug|Any CPU
		{07F7C428-FC14-4747-813E-5DB14C79181A}.Release|Any CPU.ActiveCfg = Release|Any CPU
		{07F7C428-FC14-4747-813E-5DB14C79181A}.Release|Any CPU.Build.0 = Release|Any CPU
		{66D2E3E2-B533-4B8A-8E3D-D3BF54683F4E}.Debug|Any CPU.ActiveCfg = Debug|Any CPU
		{66D2E3E2-B533-4B8A-8E3D-D3BF54683F4E}.Debug|Any CPU.Build.0 = Debug|Any CPU
		{66D2E3E2-B533-4B8A-8E3D-D3BF54683F4E}.Release|Any CPU.ActiveCfg = Release|Any CPU
		{66D2E3E2-B533-4B8A-8E3D-D3BF54683F4E}.Release|Any CPU.Build.0 = Release|Any CPU
		{0B0A4B3B-469F-4C38-AF1E-16CDD0E8EEC4}.Debug|Any CPU.ActiveCfg = Debug|Any CPU
		{0B0A4B3B-469F-4C38-AF1E-16CDD0E8EEC4}.Debug|Any CPU.Build.0 = Debug|Any CPU
		{0B0A4B3B-469F-4C38-AF1E-16CDD0E8EEC4}.Release|Any CPU.ActiveCfg = Release|Any CPU
		{0B0A4B3B-469F-4C38-AF1E-16CDD0E8EEC4}.Release|Any CPU.Build.0 = Release|Any CPU
		{46225AAC-74BF-437F-BAA7-A681213909C4}.Debug|Any CPU.ActiveCfg = Debug|Any CPU
		{46225AAC-74BF-437F-BAA7-A681213909C4}.Debug|Any CPU.Build.0 = Debug|Any CPU
		{46225AAC-74BF-437F-BAA7-A681213909C4}.Release|Any CPU.ActiveCfg = Release|Any CPU
		{46225AAC-74BF-437F-BAA7-A681213909C4}.Release|Any CPU.Build.0 = Release|Any CPU
	EndGlobalSection
	GlobalSection(SolutionProperties) = preSolution
		HideSolutionNode = FALSE
	EndGlobalSection
EndGlobal
