
Microsoft Visual Studio Solution File, Format Version 11.00
# Visual Studio 2010
Project("{FAE04EC0-301F-11D3-BF4B-00C04F79EFBC}") = "04.HelloWorld", "01.HelloCSharp\04.HelloWorld.csproj", "{6F70941A-DED3-424C-A65D-5D6A9D109381}"
EndProject
Project("{FAE04EC0-301F-11D3-BF4B-00C04F79EFBC}") = "05.PrintMyName", "02.PrintMyName\05.PrintMyName.csproj", "{C29CD4B5-89BA-435A-B21A-D26B65475C64}"
EndProject
Project("{FAE04EC0-301F-11D3-BF4B-00C04F79EFBC}") = "06.PrintNumbers", "03.Problem 6. Print Numbers\06.PrintNumbers.csproj", "{B8F82CBE-9EE1-4E6A-86D1-C1C52E70AF15}"
EndProject
Project("{FAE04EC0-301F-11D3-BF4B-00C04F79EFBC}") = "07.PrintFirstAndLastName", "04.PrintFirstAndLastName\07.PrintFirstAndLastName.csproj", "{68FDD51E-3258-412A-9692-7A04FD48569A}"
EndProject
Project("{FAE04EC0-301F-11D3-BF4B-00C04F79EFBC}") = "08.SquareRoot", "05.SquareRoot\08.SquareRoot.csproj", "{FB3465B8-1EEB-48B4-B529-76142A28F6B9}"
EndProject
Project("{FAE04EC0-301F-11D3-BF4B-00C04F79EFBC}") = "09.PrintASequence", "06.PrintASequence\09.PrintASequence.csproj", "{062AA21E-357D-4C80-990F-4A9E34A0891C}"
EndProject
Project("{FAE04EC0-301F-11D3-BF4B-00C04F79EFBC}") = "10.HorribleCode", "07.HorribleCode\10.HorribleCode.csproj", "{46981334-7517-4D17-BAAD-A0DDD86490DD}"
EndProject
Project("{FAE04EC0-301F-11D3-BF4B-00C04F79EFBC}") = "14.CurrentDateAndTime", "08.CurrentDateAndTime\14.CurrentDateAndTime.csproj", "{AC5A721B-944B-4B41-8485-52E3C20F273D}"
EndProject
Project("{FAE04EC0-301F-11D3-BF4B-00C04F79EFBC}") = "16.PrintLongSequence", "10.PrintLongSequence\16.PrintLongSequence.csproj", "{74890C40-F273-4CE3-A957-3D91ABAF8149}"
EndProject
Project("{FAE04EC0-301F-11D3-BF4B-00C04F79EFBC}") = "15.AgeАfter10Years", "ConsoleApplication1\15.AgeАfter10Years.csproj", "{4CB1D5FA-939C-4F89-BDB3-F42F99D09D4C}"
EndProject
Global
	GlobalSection(SolutionConfigurationPlatforms) = preSolution
		Debug|x86 = Debug|x86
		Release|x86 = Release|x86
	EndGlobalSection
	GlobalSection(ProjectConfigurationPlatforms) = postSolution
		{6F70941A-DED3-424C-A65D-5D6A9D109381}.Debug|x86.ActiveCfg = Debug|x86
		{6F70941A-DED3-424C-A65D-5D6A9D109381}.Debug|x86.Build.0 = Debug|x86
		{6F70941A-DED3-424C-A65D-5D6A9D109381}.Release|x86.ActiveCfg = Release|x86
		{6F70941A-DED3-424C-A65D-5D6A9D109381}.Release|x86.Build.0 = Release|x86
		{C29CD4B5-89BA-435A-B21A-D26B65475C64}.Debug|x86.ActiveCfg = Debug|x86
		{C29CD4B5-89BA-435A-B21A-D26B65475C64}.Debug|x86.Build.0 = Debug|x86
		{C29CD4B5-89BA-435A-B21A-D26B65475C64}.Release|x86.ActiveCfg = Release|x86
		{C29CD4B5-89BA-435A-B21A-D26B65475C64}.Release|x86.Build.0 = Release|x86
		{B8F82CBE-9EE1-4E6A-86D1-C1C52E70AF15}.Debug|x86.ActiveCfg = Debug|x86
		{B8F82CBE-9EE1-4E6A-86D1-C1C52E70AF15}.Debug|x86.Build.0 = Debug|x86
		{B8F82CBE-9EE1-4E6A-86D1-C1C52E70AF15}.Release|x86.ActiveCfg = Release|x86
		{B8F82CBE-9EE1-4E6A-86D1-C1C52E70AF15}.Release|x86.Build.0 = Release|x86
		{68FDD51E-3258-412A-9692-7A04FD48569A}.Debug|x86.ActiveCfg = Debug|x86
		{68FDD51E-3258-412A-9692-7A04FD48569A}.Debug|x86.Build.0 = Debug|x86
		{68FDD51E-3258-412A-9692-7A04FD48569A}.Release|x86.ActiveCfg = Release|x86
		{68FDD51E-3258-412A-9692-7A04FD48569A}.Release|x86.Build.0 = Release|x86
		{FB3465B8-1EEB-48B4-B529-76142A28F6B9}.Debug|x86.ActiveCfg = Debug|x86
		{FB3465B8-1EEB-48B4-B529-76142A28F6B9}.Debug|x86.Build.0 = Debug|x86
		{FB3465B8-1EEB-48B4-B529-76142A28F6B9}.Release|x86.ActiveCfg = Release|x86
		{FB3465B8-1EEB-48B4-B529-76142A28F6B9}.Release|x86.Build.0 = Release|x86
		{062AA21E-357D-4C80-990F-4A9E34A0891C}.Debug|x86.ActiveCfg = Debug|x86
		{062AA21E-357D-4C80-990F-4A9E34A0891C}.Debug|x86.Build.0 = Debug|x86
		{062AA21E-357D-4C80-990F-4A9E34A0891C}.Release|x86.ActiveCfg = Release|x86
		{062AA21E-357D-4C80-990F-4A9E34A0891C}.Release|x86.Build.0 = Release|x86
		{46981334-7517-4D17-BAAD-A0DDD86490DD}.Debug|x86.ActiveCfg = Debug|x86
		{46981334-7517-4D17-BAAD-A0DDD86490DD}.Debug|x86.Build.0 = Debug|x86
		{46981334-7517-4D17-BAAD-A0DDD86490DD}.Release|x86.ActiveCfg = Release|x86
		{46981334-7517-4D17-BAAD-A0DDD86490DD}.Release|x86.Build.0 = Release|x86
		{AC5A721B-944B-4B41-8485-52E3C20F273D}.Debug|x86.ActiveCfg = Debug|x86
		{AC5A721B-944B-4B41-8485-52E3C20F273D}.Debug|x86.Build.0 = Debug|x86
		{AC5A721B-944B-4B41-8485-52E3C20F273D}.Release|x86.ActiveCfg = Release|x86
		{AC5A721B-944B-4B41-8485-52E3C20F273D}.Release|x86.Build.0 = Release|x86
		{74890C40-F273-4CE3-A957-3D91ABAF8149}.Debug|x86.ActiveCfg = Debug|x86
		{74890C40-F273-4CE3-A957-3D91ABAF8149}.Debug|x86.Build.0 = Debug|x86
		{74890C40-F273-4CE3-A957-3D91ABAF8149}.Release|x86.ActiveCfg = Release|x86
		{74890C40-F273-4CE3-A957-3D91ABAF8149}.Release|x86.Build.0 = Release|x86
		{4CB1D5FA-939C-4F89-BDB3-F42F99D09D4C}.Debug|x86.ActiveCfg = Debug|x86
		{4CB1D5FA-939C-4F89-BDB3-F42F99D09D4C}.Debug|x86.Build.0 = Debug|x86
		{4CB1D5FA-939C-4F89-BDB3-F42F99D09D4C}.Release|x86.ActiveCfg = Release|x86
		{4CB1D5FA-939C-4F89-BDB3-F42F99D09D4C}.Release|x86.Build.0 = Release|x86
	EndGlobalSection
	GlobalSection(SolutionProperties) = preSolution
		HideSolutionNode = FALSE
	EndGlobalSection
EndGlobal
